
Microsoft Visual Studio Solution File, Format Version 12.00
# Visual Studio Version 17
VisualStudioVersion = 17.3.32825.248
MinimumVisualStudioVersion = 10.0.40219.1
Project("{9A19103F-16F7-4668-BE54-9A1E7A4F7556}") = "Connector", "Connector\Connector.csproj", "{FFB6F203-6B9D-4DA0-9E7A-66AB86B8BB66}"
	ProjectSection(ProjectDependencies) = postProject
		{5C8F5411-E903-462D-B7BC-AF1DC2BE066E} = {5C8F5411-E903-462D-B7BC-AF1DC2BE066E}
	EndProjectSection
EndProject
Project("{9A19103F-16F7-4668-BE54-9A1E7A4F7556}") = "Docmanager", "Docmanager\Docmanager.csproj", "{5C8F5411-E903-462D-B7BC-AF1DC2BE066E}"
	ProjectSection(ProjectDependencies) = postProject
		{0853CAEB-1116-47AC-969E-2634B985C572} = {0853CAEB-1116-47AC-969E-2634B985C572}
	EndProjectSection
EndProject
Project("{9A19103F-16F7-4668-BE54-9A1E7A4F7556}") = "Webmanager", "Webmanager\Webmanager.csproj", "{484DD0AD-4C49-44F5-B0F6-21EE90CEA695}"
	ProjectSection(ProjectDependencies) = postProject
		{A9CE11A8-F413-4235-B5D3-B8F9C7480971} = {A9CE11A8-F413-4235-B5D3-B8F9C7480971}
		{FFB6F203-6B9D-4DA0-9E7A-66AB86B8BB66} = {FFB6F203-6B9D-4DA0-9E7A-66AB86B8BB66}
	EndProjectSection
EndProject
Project("{9A19103F-16F7-4668-BE54-9A1E7A4F7556}") = "Desktop Application", "Desktop Application\Desktop Application.csproj", "{76AB7630-7EA8-48E2-9588-D4FA6000C26D}"
	ProjectSection(ProjectDependencies) = postProject
		{A9CE11A8-F413-4235-B5D3-B8F9C7480971} = {A9CE11A8-F413-4235-B5D3-B8F9C7480971}
	EndProjectSection
EndProject
Project("{9A19103F-16F7-4668-BE54-9A1E7A4F7556}") = "RequestLib", "RequestLib\RequestLib.csproj", "{A9CE11A8-F413-4235-B5D3-B8F9C7480971}"
	ProjectSection(ProjectDependencies) = postProject
		{5C8F5411-E903-462D-B7BC-AF1DC2BE066E} = {5C8F5411-E903-462D-B7BC-AF1DC2BE066E}
	EndProjectSection
EndProject
Project("{9A19103F-16F7-4668-BE54-9A1E7A4F7556}") = "JsonGetter", "JsonGetter\JsonGetter.csproj", "{0853CAEB-1116-47AC-969E-2634B985C572}"
EndProject
Global
	GlobalSection(SolutionConfigurationPlatforms) = preSolution
		Debug|Any CPU = Debug|Any CPU
		Release|Any CPU = Release|Any CPU
	EndGlobalSection
	GlobalSection(ProjectConfigurationPlatforms) = postSolution
		{FFB6F203-6B9D-4DA0-9E7A-66AB86B8BB66}.Debug|Any CPU.ActiveCfg = Debug|Any CPU
		{FFB6F203-6B9D-4DA0-9E7A-66AB86B8BB66}.Debug|Any CPU.Build.0 = Debug|Any CPU
		{FFB6F203-6B9D-4DA0-9E7A-66AB86B8BB66}.Release|Any CPU.ActiveCfg = Release|Any CPU
		{FFB6F203-6B9D-4DA0-9E7A-66AB86B8BB66}.Release|Any CPU.Build.0 = Release|Any CPU
		{5C8F5411-E903-462D-B7BC-AF1DC2BE066E}.Debug|Any CPU.ActiveCfg = Debug|Any CPU
		{5C8F5411-E903-462D-B7BC-AF1DC2BE066E}.Debug|Any CPU.Build.0 = Debug|Any CPU
		{5C8F5411-E903-462D-B7BC-AF1DC2BE066E}.Release|Any CPU.ActiveCfg = Release|Any CPU
		{5C8F5411-E903-462D-B7BC-AF1DC2BE066E}.Release|Any CPU.Build.0 = Release|Any CPU
		{484DD0AD-4C49-44F5-B0F6-21EE90CEA695}.Debug|Any CPU.ActiveCfg = Debug|Any CPU
		{484DD0AD-4C49-44F5-B0F6-21EE90CEA695}.Debug|Any CPU.Build.0 = Debug|Any CPU
		{484DD0AD-4C49-44F5-B0F6-21EE90CEA695}.Release|Any CPU.ActiveCfg = Release|Any CPU
		{484DD0AD-4C49-44F5-B0F6-21EE90CEA695}.Release|Any CPU.Build.0 = Release|Any CPU
		{76AB7630-7EA8-48E2-9588-D4FA6000C26D}.Debug|Any CPU.ActiveCfg = Debug|Any CPU
		{76AB7630-7EA8-48E2-9588-D4FA6000C26D}.Debug|Any CPU.Build.0 = Debug|Any CPU
		{76AB7630-7EA8-48E2-9588-D4FA6000C26D}.Release|Any CPU.ActiveCfg = Release|Any CPU
		{76AB7630-7EA8-48E2-9588-D4FA6000C26D}.Release|Any CPU.Build.0 = Release|Any CPU
		{A9CE11A8-F413-4235-B5D3-B8F9C7480971}.Debug|Any CPU.ActiveCfg = Debug|Any CPU
		{A9CE11A8-F413-4235-B5D3-B8F9C7480971}.Debug|Any CPU.Build.0 = Debug|Any CPU
		{A9CE11A8-F413-4235-B5D3-B8F9C7480971}.Release|Any CPU.ActiveCfg = Release|Any CPU
		{A9CE11A8-F413-4235-B5D3-B8F9C7480971}.Release|Any CPU.Build.0 = Release|Any CPU
		{0853CAEB-1116-47AC-969E-2634B985C572}.Debug|Any CPU.ActiveCfg = Debug|Any CPU
		{0853CAEB-1116-47AC-969E-2634B985C572}.Debug|Any CPU.Build.0 = Debug|Any CPU
		{0853CAEB-1116-47AC-969E-2634B985C572}.Release|Any CPU.ActiveCfg = Release|Any CPU
		{0853CAEB-1116-47AC-969E-2634B985C572}.Release|Any CPU.Build.0 = Release|Any CPU
	EndGlobalSection
	GlobalSection(SolutionProperties) = preSolution
		HideSolutionNode = FALSE
	EndGlobalSection
	GlobalSection(ExtensibilityGlobals) = postSolution
		SolutionGuid = {E1355749-EC85-418E-B594-7D120B01EED3}
	EndGlobalSection
EndGlobal
